// !$*UTF8*$!
{
	archiveVersion = 1;
	classes = {
	};
	objectVersion = 56;
	objects = {

/* Begin PBXBuildFile section */
		988476102A934A3D0020F6D6 /* AppDelegate.swift in Sources */ = {isa = PBXBuildFile; fileRef = 9884760F2A934A3D0020F6D6 /* AppDelegate.swift */; };
		988476122A934A3D0020F6D6 /* SceneDelegate.swift in Sources */ = {isa = PBXBuildFile; fileRef = 988476112A934A3D0020F6D6 /* SceneDelegate.swift */; };
		988476142A934A3D0020F6D6 /* FirstVC.swift in Sources */ = {isa = PBXBuildFile; fileRef = 988476132A934A3D0020F6D6 /* FirstVC.swift */; };
		988476172A934A3D0020F6D6 /* Main.storyboard in Resources */ = {isa = PBXBuildFile; fileRef = 988476152A934A3D0020F6D6 /* Main.storyboard */; };
		988476192A934A3F0020F6D6 /* Assets.xcassets in Resources */ = {isa = PBXBuildFile; fileRef = 988476182A934A3F0020F6D6 /* Assets.xcassets */; };
		9884761C2A934A3F0020F6D6 /* LaunchScreen.storyboard in Resources */ = {isa = PBXBuildFile; fileRef = 9884761A2A934A3F0020F6D6 /* LaunchScreen.storyboard */; };
		988476262A934FA80020F6D6 /* SecondVC.swift in Sources */ = {isa = PBXBuildFile; fileRef = 988476252A934FA80020F6D6 /* SecondVC.swift */; };
		988476312A935E160020F6D6 /* SecondStoryboard.storyboard in Resources */ = {isa = PBXBuildFile; fileRef = 988476302A935E160020F6D6 /* SecondStoryboard.storyboard */; };
		988476332A935EEC0020F6D6 /* FouthVC.swift in Sources */ = {isa = PBXBuildFile; fileRef = 988476322A935EEC0020F6D6 /* FouthVC.swift */; };
		988476362A935F080020F6D6 /* ThirdVC.swift in Sources */ = {isa = PBXBuildFile; fileRef = 988476342A935F080020F6D6 /* ThirdVC.swift */; };
		988476372A935F080020F6D6 /* ThirdVC.xib in Resources */ = {isa = PBXBuildFile; fileRef = 988476352A935F080020F6D6 /* ThirdVC.xib */; };
		9884763E2A9384D70020F6D6 /* FifthVC.swift in Sources */ = {isa = PBXBuildFile; fileRef = 9884763C2A9384D70020F6D6 /* FifthVC.swift */; };
		9884763F2A9384D70020F6D6 /* FifthVC.xib in Resources */ = {isa = PBXBuildFile; fileRef = 9884763D2A9384D70020F6D6 /* FifthVC.xib */; };
/* End PBXBuildFile section */

/* Begin PBXFileReference section */
		9884760C2A934A3D0020F6D6 /* HomeWork14.app */ = {isa = PBXFileReference; explicitFileType = wrapper.application; includeInIndex = 0; path = HomeWork14.app; sourceTree = BUILT_PRODUCTS_DIR; };
		9884760F2A934A3D0020F6D6 /* AppDelegate.swift */ = {isa = PBXFileReference; lastKnownFileType = sourcecode.swift; path = AppDelegate.swift; sourceTree = "<group>"; };
		988476112A934A3D0020F6D6 /* SceneDelegate.swift */ = {isa = PBXFileReference; lastKnownFileType = sourcecode.swift; path = SceneDelegate.swift; sourceTree = "<group>"; };
		988476132A934A3D0020F6D6 /* FirstVC.swift */ = {isa = PBXFileReference; lastKnownFileType = sourcecode.swift; path = FirstVC.swift; sourceTree = "<group>"; };
		988476162A934A3D0020F6D6 /* Base */ = {isa = PBXFileReference; lastKnownFileType = file.storyboard; name = Base; path = Base.lproj/Main.storyboard; sourceTree = "<group>"; };
		988476182A934A3F0020F6D6 /* Assets.xcassets */ = {isa = PBXFileReference; lastKnownFileType = folder.assetcatalog; path = Assets.xcassets; sourceTree = "<group>"; };
		9884761B2A934A3F0020F6D6 /* Base */ = {isa = PBXFileReference; lastKnownFileType = file.storyboard; name = Base; path = Base.lproj/LaunchScreen.storyboard; sourceTree = "<group>"; };
		9884761D2A934A3F0020F6D6 /* Info.plist */ = {isa = PBXFileReference; lastKnownFileType = text.plist.xml; path = Info.plist; sourceTree = "<group>"; };
		988476252A934FA80020F6D6 /* SecondVC.swift */ = {isa = PBXFileReference; lastKnownFileType = sourcecode.swift; path = SecondVC.swift; sourceTree = "<group>"; };
		988476302A935E160020F6D6 /* SecondStoryboard.storyboard */ = {isa = PBXFileReference; lastKnownFileType = file.storyboard; path = SecondStoryboard.storyboard; sourceTree = "<group>"; };
		988476322A935EEC0020F6D6 /* FouthVC.swift */ = {isa = PBXFileReference; lastKnownFileType = sourcecode.swift; path = FouthVC.swift; sourceTree = "<group>"; };
		988476342A935F080020F6D6 /* ThirdVC.swift */ = {isa = PBXFileReference; lastKnownFileType = sourcecode.swift; path = ThirdVC.swift; sourceTree = "<group>"; };
		988476352A935F080020F6D6 /* ThirdVC.xib */ = {isa = PBXFileReference; lastKnownFileType = file.xib; path = ThirdVC.xib; sourceTree = "<group>"; };
		9884763C2A9384D70020F6D6 /* FifthVC.swift */ = {isa = PBXFileReference; lastKnownFileType = sourcecode.swift; path = FifthVC.swift; sourceTree = "<group>"; };
		9884763D2A9384D70020F6D6 /* FifthVC.xib */ = {isa = PBXFileReference; lastKnownFileType = file.xib; path = FifthVC.xib; sourceTree = "<group>"; };
/* End PBXFileReference section */

/* Begin PBXFrameworksBuildPhase section */
		988476092A934A3D0020F6D6 /* Frameworks */ = {
			isa = PBXFrameworksBuildPhase;
			buildActionMask = 2147483647;
			files = (
			);
			runOnlyForDeploymentPostprocessing = 0;
		};
/* End PBXFrameworksBuildPhase section */

/* Begin PBXGroup section */
		988476032A934A3D0020F6D6 = {
			isa = PBXGroup;
			children = (
				9884760E2A934A3D0020F6D6 /* HomeWork14 */,
				9884760D2A934A3D0020F6D6 /* Products */,
			);
			sourceTree = "<group>";
		};
		9884760D2A934A3D0020F6D6 /* Products */ = {
			isa = PBXGroup;
			children = (
				9884760C2A934A3D0020F6D6 /* HomeWork14.app */,
			);
			name = Products;
			sourceTree = "<group>";
		};
		9884760E2A934A3D0020F6D6 /* HomeWork14 */ = {
			isa = PBXGroup;
			children = (
				988476272A934FB30020F6D6 /* Controllers */,
				988476242A934B430020F6D6 /* Views */,
				988476182A934A3F0020F6D6 /* Assets.xcassets */,
				9884761D2A934A3F0020F6D6 /* Info.plist */,
				988476232A934B1A0020F6D6 /* App */,
			);
			path = HomeWork14;
			sourceTree = "<group>";
		};
		988476232A934B1A0020F6D6 /* App */ = {
			isa = PBXGroup;
			children = (
				9884760F2A934A3D0020F6D6 /* AppDelegate.swift */,
				988476112A934A3D0020F6D6 /* SceneDelegate.swift */,
			);
			path = App;
			sourceTree = "<group>";
		};
		988476242A934B430020F6D6 /* Views */ = {
			isa = PBXGroup;
			children = (
				988476152A934A3D0020F6D6 /* Main.storyboard */,
				988476302A935E160020F6D6 /* SecondStoryboard.storyboard */,
				988476352A935F080020F6D6 /* ThirdVC.xib */,
				9884763D2A9384D70020F6D6 /* FifthVC.xib */,
				9884761A2A934A3F0020F6D6 /* LaunchScreen.storyboard */,
			);
			path = Views;
			sourceTree = "<group>";
		};
		988476272A934FB30020F6D6 /* Controllers */ = {
			isa = PBXGroup;
			children = (
				988476132A934A3D0020F6D6 /* FirstVC.swift */,
				988476252A934FA80020F6D6 /* SecondVC.swift */,
				988476342A935F080020F6D6 /* ThirdVC.swift */,
				988476322A935EEC0020F6D6 /* FouthVC.swift */,
				9884763C2A9384D70020F6D6 /* FifthVC.swift */,
			);
			path = Controllers;
			sourceTree = "<group>";
		};
/* End PBXGroup section */

/* Begin PBXNativeTarget section */
		9884760B2A934A3D0020F6D6 /* HomeWork14 */ = {
			isa = PBXNativeTarget;
			buildConfigurationList = 988476202A934A3F0020F6D6 /* Build configuration list for PBXNativeTarget "HomeWork14" */;
			buildPhases = (
				988476082A934A3D0020F6D6 /* Sources */,
				988476092A934A3D0020F6D6 /* Frameworks */,
				9884760A2A934A3D0020F6D6 /* Resources */,
			);
			buildRules = (
			);
			dependencies = (
			);
			name = HomeWork14;
			productName = HomeWork14;
			productReference = 9884760C2A934A3D0020F6D6 /* HomeWork14.app */;
			productType = "com.apple.product-type.application";
		};
/* End PBXNativeTarget section */

/* Begin PBXProject section */
		988476042A934A3D0020F6D6 /* Project object */ = {
			isa = PBXProject;
			attributes = {
				BuildIndependentTargetsInParallel = 1;
				LastSwiftUpdateCheck = 1430;
				LastUpgradeCheck = 1430;
				TargetAttributes = {
					9884760B2A934A3D0020F6D6 = {
						CreatedOnToolsVersion = 14.3.1;
					};
				};
			};
			buildConfigurationList = 988476072A934A3D0020F6D6 /* Build configuration list for PBXProject "HomeWork14" */;
			compatibilityVersion = "Xcode 14.0";
			developmentRegion = en;
			hasScannedForEncodings = 0;
			knownRegions = (
				en,
				Base,
			);
			mainGroup = 988476032A934A3D0020F6D6;
			productRefGroup = 9884760D2A934A3D0020F6D6 /* Products */;
			projectDirPath = "";
			projectRoot = "";
			targets = (
				9884760B2A934A3D0020F6D6 /* HomeWork14 */,
			);
		};
/* End PBXProject section */

/* Begin PBXResourcesBuildPhase section */
		9884760A2A934A3D0020F6D6 /* Resources */ = {
			isa = PBXResourcesBuildPhase;
			buildActionMask = 2147483647;
			files = (
				9884761C2A934A3F0020F6D6 /* LaunchScreen.storyboard in Resources */,
				988476192A934A3F0020F6D6 /* Assets.xcassets in Resources */,
				988476172A934A3D0020F6D6 /* Main.storyboard in Resources */,
				988476372A935F080020F6D6 /* ThirdVC.xib in Resources */,
				9884763F2A9384D70020F6D6 /* FifthVC.xib in Resources */,
				988476312A935E160020F6D6 /* SecondStoryboard.storyboard in Resources */,
			);
			runOnlyForDeploymentPostprocessing = 0;
		};
/* End PBXResourcesBuildPhase section */

/* Begin PBXSourcesBuildPhase section */
		988476082A934A3D0020F6D6 /* Sources */ = {
			isa = PBXSourcesBuildPhase;
			buildActionMask = 2147483647;
			files = (
				988476362A935F080020F6D6 /* ThirdVC.swift in Sources */,
				988476142A934A3D0020F6D6 /* FirstVC.swift in Sources */,
				9884763E2A9384D70020F6D6 /* FifthVC.swift in Sources */,
				988476102A934A3D0020F6D6 /* AppDelegate.swift in Sources */,
				988476262A934FA80020F6D6 /* SecondVC.swift in Sources */,
				988476122A934A3D0020F6D6 /* SceneDelegate.swift in Sources */,
				988476332A935EEC0020F6D6 /* FouthVC.swift in Sources */,
			);
			runOnlyForDeploymentPostprocessing = 0;
		};
/* End PBXSourcesBuildPhase section */

/* Begin PBXVariantGroup section */
		988476152A934A3D0020F6D6 /* Main.storyboard */ = {
			isa = PBXVariantGroup;
			children = (
				988476162A934A3D0020F6D6 /* Base */,
			);
			name = Main.storyboard;
			sourceTree = "<group>";
		};
		9884761A2A934A3F0020F6D6 /* LaunchScreen.storyboard */ = {
			isa = PBXVariantGroup;
			children = (
				9884761B2A934A3F0020F6D6 /* Base */,
			);
			name = LaunchScreen.storyboard;
			sourceTree = "<group>";
		};
/* End PBXVariantGroup section */

/* Begin XCBuildConfiguration section */
		9884761E2A934A3F0020F6D6 /* Debug */ = {
			isa = XCBuildConfiguration;
			buildSettings = {
				ALWAYS_SEARCH_USER_PATHS = NO;
				CLANG_ANALYZER_NONNULL = YES;
				CLANG_ANALYZER_NUMBER_OBJECT_CONVERSION = YES_AGGRESSIVE;
				CLANG_CXX_LANGUAGE_STANDARD = "gnu++20";
				CLANG_ENABLE_MODULES = YES;
				CLANG_ENABLE_OBJC_ARC = YES;
				CLANG_ENABLE_OBJC_WEAK = YES;
				CLANG_WARN_BLOCK_CAPTURE_AUTORELEASING = YES;
				CLANG_WARN_BOOL_CONVERSION = YES;
				CLANG_WARN_COMMA = YES;
				CLANG_WARN_CONSTANT_CONVERSION = YES;
				CLANG_WARN_DEPRECATED_OBJC_IMPLEMENTATIONS = YES;
				CLANG_WARN_DIRECT_OBJC_ISA_USAGE = YES_ERROR;
				CLANG_WARN_DOCUMENTATION_COMMENTS = YES;
				CLANG_WARN_EMPTY_BODY = YES;
				CLANG_WARN_ENUM_CONVERSION = YES;
				CLANG_WARN_INFINITE_RECURSION = YES;
				CLANG_WARN_INT_CONVERSION = YES;
				CLANG_WARN_NON_LITERAL_NULL_CONVERSION = YES;
				CLANG_WARN_OBJC_IMPLICIT_RETAIN_SELF = YES;
				CLANG_WARN_OBJC_LITERAL_CONVERSION = YES;
				CLANG_WARN_OBJC_ROOT_CLASS = YES_ERROR;
				CLANG_WARN_QUOTED_INCLUDE_IN_FRAMEWORK_HEADER = YES;
				CLANG_WARN_RANGE_LOOP_ANALYSIS = YES;
				CLANG_WARN_STRICT_PROTOTYPES = YES;
				CLANG_WARN_SUSPICIOUS_MOVE = YES;
				CLANG_WARN_UNGUARDED_AVAILABILITY = YES_AGGRESSIVE;
				CLANG_WARN_UNREACHABLE_CODE = YES;
				CLANG_WARN__DUPLICATE_METHOD_MATCH = YES;
				COPY_PHASE_STRIP = NO;
				DEBUG_INFORMATION_FORMAT = dwarf;
				ENABLE_STRICT_OBJC_MSGSEND = YES;
				ENABLE_TESTABILITY = YES;
				GCC_C_LANGUAGE_STANDARD = gnu11;
				GCC_DYNAMIC_NO_PIC = NO;
				GCC_NO_COMMON_BLOCKS = YES;
				GCC_OPTIMIZATION_LEVEL = 0;
				GCC_PREPROCESSOR_DEFINITIONS = (
					"DEBUG=1",
					"$(inherited)",
				);
				GCC_WARN_64_TO_32_BIT_CONVERSION = YES;
				GCC_WARN_ABOUT_RETURN_TYPE = YES_ERROR;
				GCC_WARN_UNDECLARED_SELECTOR = YES;
				GCC_WARN_UNINITIALIZED_AUTOS = YES_AGGRESSIVE;
				GCC_WARN_UNUSED_FUNCTION = YES;
				GCC_WARN_UNUSED_VARIABLE = YES;
				IPHONEOS_DEPLOYMENT_TARGET = 16.4;
				MTL_ENABLE_DEBUG_INFO = INCLUDE_SOURCE;
				MTL_FAST_MATH = YES;
				ONLY_ACTIVE_ARCH = YES;
				SDKROOT = iphoneos;
				SWIFT_ACTIVE_COMPILATION_CONDITIONS = DEBUG;
				SWIFT_OPTIMIZATION_LEVEL = "-Onone";
			};
			name = Debug;
		};
		9884761F2A934A3F0020F6D6 /* Release */ = {
			isa = XCBuildConfiguration;
			buildSettings = {
				ALWAYS_SEARCH_USER_PATHS = NO;
				CLANG_ANALYZER_NONNULL = YES;
				CLANG_ANALYZER_NUMBER_OBJECT_CONVERSION = YES_AGGRESSIVE;
				CLANG_CXX_LANGUAGE_STANDARD = "gnu++20";
				CLANG_ENABLE_MODULES = YES;
				CLANG_ENABLE_OBJC_ARC = YES;
				CLANG_ENABLE_OBJC_WEAK = YES;
				CLANG_WARN_BLOCK_CAPTURE_AUTORELEASING = YES;
				CLANG_WARN_BOOL_CONVERSION = YES;
				CLANG_WARN_COMMA = YES;
				CLANG_WARN_CONSTANT_CONVERSION = YES;
				CLANG_WARN_DEPRECATED_OBJC_IMPLEMENTATIONS = YES;
				CLANG_WARN_DIRECT_OBJC_ISA_USAGE = YES_ERROR;
				CLANG_WARN_DOCUMENTATION_COMMENTS = YES;
				CLANG_WARN_EMPTY_BODY = YES;
				CLANG_WARN_ENUM_CONVERSION = YES;
				CLANG_WARN_INFINITE_RECURSION = YES;
				CLANG_WARN_INT_CONVERSION = YES;
				CLANG_WARN_NON_LITERAL_NULL_CONVERSION = YES;
				CLANG_WARN_OBJC_IMPLICIT_RETAIN_SELF = YES;
				CLANG_WARN_OBJC_LITERAL_CONVERSION = YES;
				CLANG_WARN_OBJC_ROOT_CLASS = YES_ERROR;
				CLANG_WARN_QUOTED_INCLUDE_IN_FRAMEWORK_HEADER = YES;
				CLANG_WARN_RANGE_LOOP_ANALYSIS = YES;
				CLANG_WARN_STRICT_PROTOTYPES = YES;
				CLANG_WARN_SUSPICIOUS_MOVE = YES;
				CLANG_WARN_UNGUARDED_AVAILABILITY = YES_AGGRESSIVE;
				CLANG_WARN_UNREACHABLE_CODE = YES;
				CLANG_WARN__DUPLICATE_METHOD_MATCH = YES;
				COPY_PHASE_STRIP = NO;
				DEBUG_INFORMATION_FORMAT = "dwarf-with-dsym";
				ENABLE_NS_ASSERTIONS = NO;
				ENABLE_STRICT_OBJC_MSGSEND = YES;
				GCC_C_LANGUAGE_STANDARD = gnu11;
				GCC_NO_COMMON_BLOCKS = YES;
				GCC_WARN_64_TO_32_BIT_CONVERSION = YES;
				GCC_WARN_ABOUT_RETURN_TYPE = YES_ERROR;
				GCC_WARN_UNDECLARED_SELECTOR = YES;
				GCC_WARN_UNINITIALIZED_AUTOS = YES_AGGRESSIVE;
				GCC_WARN_UNUSED_FUNCTION = YES;
				GCC_WARN_UNUSED_VARIABLE = YES;
				IPHONEOS_DEPLOYMENT_TARGET = 16.4;
				MTL_ENABLE_DEBUG_INFO = NO;
				MTL_FAST_MATH = YES;
				SDKROOT = iphoneos;
				SWIFT_COMPILATION_MODE = wholemodule;
				SWIFT_OPTIMIZATION_LEVEL = "-O";
				VALIDATE_PRODUCT = YES;
			};
			name = Release;
		};
		988476212A934A3F0020F6D6 /* Debug */ = {
			isa = XCBuildConfiguration;
			buildSettings = {
				ASSETCATALOG_COMPILER_APPICON_NAME = AppIcon;
				ASSETCATALOG_COMPILER_GLOBAL_ACCENT_COLOR_NAME = AccentColor;
				CODE_SIGN_STYLE = Automatic;
				CURRENT_PROJECT_VERSION = 1;
				DEVELOPMENT_TEAM = MCK9LL98Q8;
				GENERATE_INFOPLIST_FILE = YES;
				INFOPLIST_FILE = HomeWork14/Info.plist;
				INFOPLIST_KEY_UIApplicationSupportsIndirectInputEvents = YES;
				INFOPLIST_KEY_UILaunchStoryboardName = LaunchScreen;
				INFOPLIST_KEY_UIMainStoryboardFile = Main;
				INFOPLIST_KEY_UISupportedInterfaceOrientations_iPad = "UIInterfaceOrientationPortrait UIInterfaceOrientationPortraitUpsideDown UIInterfaceOrientationLandscapeLeft UIInterfaceOrientationLandscapeRight";
				INFOPLIST_KEY_UISupportedInterfaceOrientations_iPhone = "UIInterfaceOrientationPortrait UIInterfaceOrientationLandscapeLeft UIInterfaceOrientationLandscapeRight";
				LD_RUNPATH_SEARCH_PATHS = (
					"$(inherited)",
					"@executable_path/Frameworks",
				);
				MARKETING_VERSION = 1.0;
				PRODUCT_BUNDLE_IDENTIFIER = by.HomeWork14;
				PRODUCT_NAME = "$(TARGET_NAME)";
				SWIFT_EMIT_LOC_STRINGS = YES;
				SWIFT_VERSION = 5.0;
				TARGETED_DEVICE_FAMILY = "1,2";
			};
			name = Debug;
		};
		988476222A934A3F0020F6D6 /* Release */ = {
			isa = XCBuildConfiguration;
			buildSettings = {
				ASSETCATALOG_COMPILER_APPICON_NAME = AppIcon;
				ASSETCATALOG_COMPILER_GLOBAL_ACCENT_COLOR_NAME = AccentColor;
				CODE_SIGN_STYLE = Automatic;
				CURRENT_PROJECT_VERSION = 1;
				DEVELOPMENT_TEAM = MCK9LL98Q8;
				GENERATE_INFOPLIST_FILE = YES;
				INFOPLIST_FILE = HomeWork14/Info.plist;
				INFOPLIST_KEY_UIApplicationSupportsIndirectInputEvents = YES;
				INFOPLIST_KEY_UILaunchStoryboardName = LaunchScreen;
				INFOPLIST_KEY_UIMainStoryboardFile = Main;
				INFOPLIST_KEY_UISupportedInterfaceOrientations_iPad = "UIInterfaceOrientationPortrait UIInterfaceOrientationPortraitUpsideDown UIInterfaceOrientationLandscapeLeft UIInterfaceOrientationLandscapeRight";
				INFOPLIST_KEY_UISupportedInterfaceOrientations_iPhone = "UIInterfaceOrientationPortrait UIInterfaceOrientationLandscapeLeft UIInterfaceOrientationLandscapeRight";
				LD_RUNPATH_SEARCH_PATHS = (
					"$(inherited)",
					"@executable_path/Frameworks",
				);
				MARKETING_VERSION = 1.0;
				PRODUCT_BUNDLE_IDENTIFIER = by.HomeWork14;
				PRODUCT_NAME = "$(TARGET_NAME)";
				SWIFT_EMIT_LOC_STRINGS = YES;
				SWIFT_VERSION = 5.0;
				TARGETED_DEVICE_FAMILY = "1,2";
			};
			name = Release;
		};
/* End XCBuildConfiguration section */

/* Begin XCConfigurationList section */
		988476072A934A3D0020F6D6 /* Build configuration list for PBXProject "HomeWork14" */ = {
			isa = XCConfigurationList;
			buildConfigurations = (
				9884761E2A934A3F0020F6D6 /* Debug */,
				9884761F2A934A3F0020F6D6 /* Release */,
			);
			defaultConfigurationIsVisible = 0;
			defaultConfigurationName = Release;
		};
		988476202A934A3F0020F6D6 /* Build configuration list for PBXNativeTarget "HomeWork14" */ = {
			isa = XCConfigurationList;
			buildConfigurations = (
				988476212A934A3F0020F6D6 /* Debug */,
				988476222A934A3F0020F6D6 /* Release */,
			);
			defaultConfigurationIsVisible = 0;
			defaultConfigurationName = Release;
		};
/* End XCConfigurationList section */
	};
	rootObject = 988476042A934A3D0020F6D6 /* Project object */;
}
